
Microsoft Visual Studio Solution File, Format Version 12.00
# Visual Studio Version 16
VisualStudioVersion = 16.0.31702.278
MinimumVisualStudioVersion = 10.0.40219.1
Project("{8BC9CEB8-8B4A-11D0-8D11-00A0C91BC942}") = "BMI calculator", "BMI calculator.vcxproj", "{AD1C0E1B-3101-4C55-9A31-AF4D190B0D42}"
EndProject
Global
	GlobalSection(SolutionConfigurationPlatforms) = preSolution
		Debug|x64 = Debug|x64
		Debug|x86 = Debug|x86
		Release|x64 = Release|x64
		Release|x86 = Release|x86
	EndGlobalSection
	GlobalSection(ProjectConfigurationPlatforms) = postSolution
		{AD1C0E1B-3101-4C55-9A31-AF4D190B0D42}.Debug|x64.ActiveCfg = Debug|x64
		{AD1C0E1B-3101-4C55-9A31-AF4D190B0D42}.Debug|x64.Build.0 = Debug|x64
		{AD1C0E1B-3101-4C55-9A31-AF4D190B0D42}.Debug|x86.ActiveCfg = Debug|Win32
		{AD1C0E1B-3101-4C55-9A31-AF4D190B0D42}.Debug|x86.Build.0 = Debug|Win32
		{AD1C0E1B-3101-4C55-9A31-AF4D190B0D42}.Release|x64.ActiveCfg = Release|x64
		{AD1C0E1B-3101-4C55-9A31-AF4D190B0D42}.Release|x64.Build.0 = Release|x64
		{AD1C0E1B-3101-4C55-9A31-AF4D190B0D42}.Release|x86.ActiveCfg = Release|Win32
		{AD1C0E1B-3101-4C55-9A31-AF4D190B0D42}.Release|x86.Build.0 = Release|Win32
	EndGlobalSection
	GlobalSection(SolutionProperties) = preSolution
		HideSolutionNode = FALSE
	EndGlobalSection
	GlobalSection(ExtensibilityGlobals) = postSolution
		SolutionGuid = {403EDC14-1D5F-477B-A7BA-1CE17057B847}
	EndGlobalSection
EndGlobal
